
Microsoft Visual Studio Solution File, Format Version 12.00
# Visual Studio 15
VisualStudioVersion = 15.0.28307.271
MinimumVisualStudioVersion = 10.0.40219.1
Project("{FAE04EC0-301F-11D3-BF4B-00C04F79EFBC}") = "Nat20.CharacterAttributeModule", "Nat20.CharacterAttributeModule\Nat20.CharacterAttributeModule.csproj", "{0DBFAAEA-156B-4110-9EBF-0F97D7A2402A}"
EndProject
Project("{FAE04EC0-301F-11D3-BF4B-00C04F79EFBC}") = "Nat20.ShellModule", "Nat20.ShellModule\Nat20.ShellModule.csproj", "{15F28811-396B-4C15-862B-965108C6B803}"
EndProject
Project("{FAE04EC0-301F-11D3-BF4B-00C04F79EFBC}") = "Nat20.RegionsModule", "Nat20.RegionsModule\Nat20.RegionsModule.csproj", "{0B720AAA-8CC7-4395-BC81-5F22004E07EE}"
EndProject
Project("{FAE04EC0-301F-11D3-BF4B-00C04F79EFBC}") = "Nat20.EventsModule", "Nat20.EventsModule\Nat20.EventsModule.csproj", "{D3B686D7-F7AB-46FE-81E0-97942E42A9E0}"
EndProject
Project("{FAE04EC0-301F-11D3-BF4B-00C04F79EFBC}") = "Nat20.CharacterAttributeModule.Test", "Nat20.CharacterAttributeModule.Test\Nat20.CharacterAttributeModule.Test.csproj", "{71C444DD-EBB1-4281-8932-026D5A4F4710}"
EndProject
Global
	GlobalSection(SolutionConfigurationPlatforms) = preSolution
		Debug|Any CPU = Debug|Any CPU
		Release|Any CPU = Release|Any CPU
	EndGlobalSection
	GlobalSection(ProjectConfigurationPlatforms) = postSolution
		{0DBFAAEA-156B-4110-9EBF-0F97D7A2402A}.Debug|Any CPU.ActiveCfg = Debug|Any CPU
		{0DBFAAEA-156B-4110-9EBF-0F97D7A2402A}.Debug|Any CPU.Build.0 = Debug|Any CPU
		{0DBFAAEA-156B-4110-9EBF-0F97D7A2402A}.Release|Any CPU.ActiveCfg = Release|Any CPU
		{0DBFAAEA-156B-4110-9EBF-0F97D7A2402A}.Release|Any CPU.Build.0 = Release|Any CPU
		{15F28811-396B-4C15-862B-965108C6B803}.Debug|Any CPU.ActiveCfg = Debug|Any CPU
		{15F28811-396B-4C15-862B-965108C6B803}.Debug|Any CPU.Build.0 = Debug|Any CPU
		{15F28811-396B-4C15-862B-965108C6B803}.Release|Any CPU.ActiveCfg = Release|Any CPU
		{15F28811-396B-4C15-862B-965108C6B803}.Release|Any CPU.Build.0 = Release|Any CPU
		{0B720AAA-8CC7-4395-BC81-5F22004E07EE}.Debug|Any CPU.ActiveCfg = Debug|Any CPU
		{0B720AAA-8CC7-4395-BC81-5F22004E07EE}.Debug|Any CPU.Build.0 = Debug|Any CPU
		{0B720AAA-8CC7-4395-BC81-5F22004E07EE}.Release|Any CPU.ActiveCfg = Release|Any CPU
		{0B720AAA-8CC7-4395-BC81-5F22004E07EE}.Release|Any CPU.Build.0 = Release|Any CPU
		{D3B686D7-F7AB-46FE-81E0-97942E42A9E0}.Debug|Any CPU.ActiveCfg = Debug|Any CPU
		{D3B686D7-F7AB-46FE-81E0-97942E42A9E0}.Debug|Any CPU.Build.0 = Debug|Any CPU
		{D3B686D7-F7AB-46FE-81E0-97942E42A9E0}.Release|Any CPU.ActiveCfg = Release|Any CPU
		{D3B686D7-F7AB-46FE-81E0-97942E42A9E0}.Release|Any CPU.Build.0 = Release|Any CPU
		{71C444DD-EBB1-4281-8932-026D5A4F4710}.Debug|Any CPU.ActiveCfg = Debug|Any CPU
		{71C444DD-EBB1-4281-8932-026D5A4F4710}.Debug|Any CPU.Build.0 = Debug|Any CPU
		{71C444DD-EBB1-4281-8932-026D5A4F4710}.Release|Any CPU.ActiveCfg = Release|Any CPU
		{71C444DD-EBB1-4281-8932-026D5A4F4710}.Release|Any CPU.Build.0 = Release|Any CPU
	EndGlobalSection
	GlobalSection(SolutionProperties) = preSolution
		HideSolutionNode = FALSE
	EndGlobalSection
	GlobalSection(ExtensibilityGlobals) = postSolution
		SolutionGuid = {6291C4B6-4508-4927-A33C-6B30896E3F74}
	EndGlobalSection
EndGlobal
